// !$*UTF8*$!
{
	archiveVersion = 1;
	classes = {
	};
	objectVersion = 56;
	objects = {

/* Begin PBXBuildFile section */
		C65DF3072BED652B00D1F16B /* AppDelegate.swift in Sources */ = {isa = PBXBuildFile; fileRef = C65DF3062BED652B00D1F16B /* AppDelegate.swift */; };
		C65DF3092BED652B00D1F16B /* SceneDelegate.swift in Sources */ = {isa = PBXBuildFile; fileRef = C65DF3082BED652B00D1F16B /* SceneDelegate.swift */; };
		C65DF30B2BED652B00D1F16B /* ListViewController.swift in Sources */ = {isa = PBXBuildFile; fileRef = C65DF30A2BED652B00D1F16B /* ListViewController.swift */; };
		C65DF3102BED652C00D1F16B /* Assets.xcassets in Resources */ = {isa = PBXBuildFile; fileRef = C65DF30F2BED652C00D1F16B /* Assets.xcassets */; };
		C65DF3132BED652C00D1F16B /* LaunchScreen.storyboard in Resources */ = {isa = PBXBuildFile; fileRef = C65DF3112BED652C00D1F16B /* LaunchScreen.storyboard */; };
		C65DF31E2BED652C00D1F16B /* TaskAppTests.swift in Sources */ = {isa = PBXBuildFile; fileRef = C65DF31D2BED652C00D1F16B /* TaskAppTests.swift */; };
		C65DF3282BED652C00D1F16B /* TaskAppUITests.swift in Sources */ = {isa = PBXBuildFile; fileRef = C65DF3272BED652C00D1F16B /* TaskAppUITests.swift */; };
		C65DF32A2BED652C00D1F16B /* TaskAppUITestsLaunchTests.swift in Sources */ = {isa = PBXBuildFile; fileRef = C65DF3292BED652C00D1F16B /* TaskAppUITestsLaunchTests.swift */; };
		C65DF33B2BED673900D1F16B /* SnapKit in Frameworks */ = {isa = PBXBuildFile; productRef = C65DF33A2BED673900D1F16B /* SnapKit */; };
		C65DF33D2BED674A00D1F16B /* FilterView.swift in Sources */ = {isa = PBXBuildFile; fileRef = C65DF33C2BED674A00D1F16B /* FilterView.swift */; };
		C65DF3422BED679700D1F16B /* AllProductsCell.swift in Sources */ = {isa = PBXBuildFile; fileRef = C65DF3402BED679700D1F16B /* AllProductsCell.swift */; };
		C65DF3432BED679700D1F16B /* CustomStarView.swift in Sources */ = {isa = PBXBuildFile; fileRef = C65DF3412BED679700D1F16B /* CustomStarView.swift */; };
		C65DF3462BED679E00D1F16B /* SponsoredInnerCell.swift in Sources */ = {isa = PBXBuildFile; fileRef = C65DF3442BED679E00D1F16B /* SponsoredInnerCell.swift */; };
		C65DF3472BED679E00D1F16B /* SponsoredProductsCell.swift in Sources */ = {isa = PBXBuildFile; fileRef = C65DF3452BED679E00D1F16B /* SponsoredProductsCell.swift */; };
		C65DF34D2BED6E6900D1F16B /* Endpoint.swift in Sources */ = {isa = PBXBuildFile; fileRef = C65DF34C2BED6E6900D1F16B /* Endpoint.swift */; };
		C65DF34F2BED724B00D1F16B /* Keys.plist in Resources */ = {isa = PBXBuildFile; fileRef = C65DF34E2BED724B00D1F16B /* Keys.plist */; };
		C65DF3552BEE943100D1F16B /* ListPageEntity.swift in Sources */ = {isa = PBXBuildFile; fileRef = C65DF3542BEE943100D1F16B /* ListPageEntity.swift */; };
		C65DF3572BEE961C00D1F16B /* ListPageInteractor.swift in Sources */ = {isa = PBXBuildFile; fileRef = C65DF3562BEE961C00D1F16B /* ListPageInteractor.swift */; };
		C65DF35A2BEE994F00D1F16B /* ProductDetailEntity.swift in Sources */ = {isa = PBXBuildFile; fileRef = C65DF3592BEE994F00D1F16B /* ProductDetailEntity.swift */; };
		C65DF35C2BEEA0CA00D1F16B /* ListPagePresenter.swift in Sources */ = {isa = PBXBuildFile; fileRef = C65DF35B2BEEA0CA00D1F16B /* ListPagePresenter.swift */; };
		C65DF35E2BEEACBB00D1F16B /* ListPageRouter.swift in Sources */ = {isa = PBXBuildFile; fileRef = C65DF35D2BEEACBB00D1F16B /* ListPageRouter.swift */; };
		C65DF3602BEEAD8C00D1F16B /* ProductDetailRouter.swift in Sources */ = {isa = PBXBuildFile; fileRef = C65DF35F2BEEAD8C00D1F16B /* ProductDetailRouter.swift */; };
		C65DF3622BEEAE4900D1F16B /* ProductDetailViewController.swift in Sources */ = {isa = PBXBuildFile; fileRef = C65DF3612BEEAE4900D1F16B /* ProductDetailViewController.swift */; };
		C65DF3642BEEAE8D00D1F16B /* ProductDetailInteractor.swift in Sources */ = {isa = PBXBuildFile; fileRef = C65DF3632BEEAE8D00D1F16B /* ProductDetailInteractor.swift */; };
		C65DF3662BEEAFF100D1F16B /* ProductDetailPresenter.swift in Sources */ = {isa = PBXBuildFile; fileRef = C65DF3652BEEAFF100D1F16B /* ProductDetailPresenter.swift */; };
		C65DF3D92BF146FB00D1F16B /* UIViewController+.swift in Sources */ = {isa = PBXBuildFile; fileRef = C65DF3D82BF146FB00D1F16B /* UIViewController+.swift */; };
/* End PBXBuildFile section */

/* Begin PBXContainerItemProxy section */
		C65DF31A2BED652C00D1F16B /* PBXContainerItemProxy */ = {
			isa = PBXContainerItemProxy;
			containerPortal = C65DF2FB2BED652B00D1F16B /* Project object */;
			proxyType = 1;
			remoteGlobalIDString = C65DF3022BED652B00D1F16B;
			remoteInfo = TaskApp;
		};
		C65DF3242BED652C00D1F16B /* PBXContainerItemProxy */ = {
			isa = PBXContainerItemProxy;
			containerPortal = C65DF2FB2BED652B00D1F16B /* Project object */;
			proxyType = 1;
			remoteGlobalIDString = C65DF3022BED652B00D1F16B;
			remoteInfo = TaskApp;
		};
/* End PBXContainerItemProxy section */

/* Begin PBXFileReference section */
		C65DF3032BED652B00D1F16B /* TaskApp.app */ = {isa = PBXFileReference; explicitFileType = wrapper.application; includeInIndex = 0; path = TaskApp.app; sourceTree = BUILT_PRODUCTS_DIR; };
		C65DF3062BED652B00D1F16B /* AppDelegate.swift */ = {isa = PBXFileReference; lastKnownFileType = sourcecode.swift; path = AppDelegate.swift; sourceTree = "<group>"; };
		C65DF3082BED652B00D1F16B /* SceneDelegate.swift */ = {isa = PBXFileReference; lastKnownFileType = sourcecode.swift; path = SceneDelegate.swift; sourceTree = "<group>"; };
		C65DF30A2BED652B00D1F16B /* ListViewController.swift */ = {isa = PBXFileReference; lastKnownFileType = sourcecode.swift; path = ListViewController.swift; sourceTree = "<group>"; };
		C65DF30F2BED652C00D1F16B /* Assets.xcassets */ = {isa = PBXFileReference; lastKnownFileType = folder.assetcatalog; path = Assets.xcassets; sourceTree = "<group>"; };
		C65DF3122BED652C00D1F16B /* Base */ = {isa = PBXFileReference; lastKnownFileType = file.storyboard; name = Base; path = Base.lproj/LaunchScreen.storyboard; sourceTree = "<group>"; };
		C65DF3142BED652C00D1F16B /* Info.plist */ = {isa = PBXFileReference; lastKnownFileType = text.plist.xml; path = Info.plist; sourceTree = "<group>"; };
		C65DF3192BED652C00D1F16B /* TaskAppTests.xctest */ = {isa = PBXFileReference; explicitFileType = wrapper.cfbundle; includeInIndex = 0; path = TaskAppTests.xctest; sourceTree = BUILT_PRODUCTS_DIR; };
		C65DF31D2BED652C00D1F16B /* TaskAppTests.swift */ = {isa = PBXFileReference; lastKnownFileType = sourcecode.swift; path = TaskAppTests.swift; sourceTree = "<group>"; };
		C65DF3232BED652C00D1F16B /* TaskAppUITests.xctest */ = {isa = PBXFileReference; explicitFileType = wrapper.cfbundle; includeInIndex = 0; path = TaskAppUITests.xctest; sourceTree = BUILT_PRODUCTS_DIR; };
		C65DF3272BED652C00D1F16B /* TaskAppUITests.swift */ = {isa = PBXFileReference; lastKnownFileType = sourcecode.swift; path = TaskAppUITests.swift; sourceTree = "<group>"; };
		C65DF3292BED652C00D1F16B /* TaskAppUITestsLaunchTests.swift */ = {isa = PBXFileReference; lastKnownFileType = sourcecode.swift; path = TaskAppUITestsLaunchTests.swift; sourceTree = "<group>"; };
		C65DF33C2BED674A00D1F16B /* FilterView.swift */ = {isa = PBXFileReference; lastKnownFileType = sourcecode.swift; path = FilterView.swift; sourceTree = "<group>"; };
		C65DF3402BED679700D1F16B /* AllProductsCell.swift */ = {isa = PBXFileReference; fileEncoding = 4; lastKnownFileType = sourcecode.swift; path = AllProductsCell.swift; sourceTree = "<group>"; };
		C65DF3412BED679700D1F16B /* CustomStarView.swift */ = {isa = PBXFileReference; fileEncoding = 4; lastKnownFileType = sourcecode.swift; path = CustomStarView.swift; sourceTree = "<group>"; };
		C65DF3442BED679E00D1F16B /* SponsoredInnerCell.swift */ = {isa = PBXFileReference; fileEncoding = 4; lastKnownFileType = sourcecode.swift; path = SponsoredInnerCell.swift; sourceTree = "<group>"; };
		C65DF3452BED679E00D1F16B /* SponsoredProductsCell.swift */ = {isa = PBXFileReference; fileEncoding = 4; lastKnownFileType = sourcecode.swift; path = SponsoredProductsCell.swift; sourceTree = "<group>"; };
		C65DF34C2BED6E6900D1F16B /* Endpoint.swift */ = {isa = PBXFileReference; lastKnownFileType = sourcecode.swift; path = Endpoint.swift; sourceTree = "<group>"; };
		C65DF34E2BED724B00D1F16B /* Keys.plist */ = {isa = PBXFileReference; lastKnownFileType = text.plist.xml; path = Keys.plist; sourceTree = "<group>"; };
		C65DF3542BEE943100D1F16B /* ListPageEntity.swift */ = {isa = PBXFileReference; lastKnownFileType = sourcecode.swift; path = ListPageEntity.swift; sourceTree = "<group>"; };
		C65DF3562BEE961C00D1F16B /* ListPageInteractor.swift */ = {isa = PBXFileReference; lastKnownFileType = sourcecode.swift; path = ListPageInteractor.swift; sourceTree = "<group>"; };
		C65DF3592BEE994F00D1F16B /* ProductDetailEntity.swift */ = {isa = PBXFileReference; lastKnownFileType = sourcecode.swift; path = ProductDetailEntity.swift; sourceTree = "<group>"; };
		C65DF35B2BEEA0CA00D1F16B /* ListPagePresenter.swift */ = {isa = PBXFileReference; lastKnownFileType = sourcecode.swift; path = ListPagePresenter.swift; sourceTree = "<group>"; };
		C65DF35D2BEEACBB00D1F16B /* ListPageRouter.swift */ = {isa = PBXFileReference; lastKnownFileType = sourcecode.swift; path = ListPageRouter.swift; sourceTree = "<group>"; };
		C65DF35F2BEEAD8C00D1F16B /* ProductDetailRouter.swift */ = {isa = PBXFileReference; lastKnownFileType = sourcecode.swift; path = ProductDetailRouter.swift; sourceTree = "<group>"; };
		C65DF3612BEEAE4900D1F16B /* ProductDetailViewController.swift */ = {isa = PBXFileReference; lastKnownFileType = sourcecode.swift; path = ProductDetailViewController.swift; sourceTree = "<group>"; };
		C65DF3632BEEAE8D00D1F16B /* ProductDetailInteractor.swift */ = {isa = PBXFileReference; lastKnownFileType = sourcecode.swift; path = ProductDetailInteractor.swift; sourceTree = "<group>"; };
		C65DF3652BEEAFF100D1F16B /* ProductDetailPresenter.swift */ = {isa = PBXFileReference; lastKnownFileType = sourcecode.swift; path = ProductDetailPresenter.swift; sourceTree = "<group>"; };
		C65DF3D82BF146FB00D1F16B /* UIViewController+.swift */ = {isa = PBXFileReference; lastKnownFileType = sourcecode.swift; path = "UIViewController+.swift"; sourceTree = "<group>"; };
/* End PBXFileReference section */

/* Begin PBXFrameworksBuildPhase section */
		C65DF3002BED652B00D1F16B /* Frameworks */ = {
			isa = PBXFrameworksBuildPhase;
			buildActionMask = 2147483647;
			files = (
				C65DF33B2BED673900D1F16B /* SnapKit in Frameworks */,
			);
			runOnlyForDeploymentPostprocessing = 0;
		};
		C65DF3162BED652C00D1F16B /* Frameworks */ = {
			isa = PBXFrameworksBuildPhase;
			buildActionMask = 2147483647;
			files = (
			);
			runOnlyForDeploymentPostprocessing = 0;
		};
		C65DF3202BED652C00D1F16B /* Frameworks */ = {
			isa = PBXFrameworksBuildPhase;
			buildActionMask = 2147483647;
			files = (
			);
			runOnlyForDeploymentPostprocessing = 0;
		};
/* End PBXFrameworksBuildPhase section */

/* Begin PBXGroup section */
		C65DF2FA2BED652B00D1F16B = {
			isa = PBXGroup;
			children = (
				C65DF3052BED652B00D1F16B /* TaskApp */,
				C65DF31C2BED652C00D1F16B /* TaskAppTests */,
				C65DF3262BED652C00D1F16B /* TaskAppUITests */,
				C65DF3042BED652B00D1F16B /* Products */,
				C65DF3392BED673900D1F16B /* Frameworks */,
			);
			sourceTree = "<group>";
		};
		C65DF3042BED652B00D1F16B /* Products */ = {
			isa = PBXGroup;
			children = (
				C65DF3032BED652B00D1F16B /* TaskApp.app */,
				C65DF3192BED652C00D1F16B /* TaskAppTests.xctest */,
				C65DF3232BED652C00D1F16B /* TaskAppUITests.xctest */,
			);
			name = Products;
			sourceTree = "<group>";
		};
		C65DF3052BED652B00D1F16B /* TaskApp */ = {
			isa = PBXGroup;
			children = (
				C65DF3492BED6D2A00D1F16B /* App */,
				C65DF3D72BF146E200D1F16B /* Extensions */,
				C65DF34B2BED6E5600D1F16B /* Network */,
				C65DF34A2BED6D3500D1F16B /* Scenes */,
				C65DF30F2BED652C00D1F16B /* Assets.xcassets */,
				C65DF3112BED652C00D1F16B /* LaunchScreen.storyboard */,
				C65DF3142BED652C00D1F16B /* Info.plist */,
				C65DF34E2BED724B00D1F16B /* Keys.plist */,
			);
			path = TaskApp;
			sourceTree = "<group>";
		};
		C65DF31C2BED652C00D1F16B /* TaskAppTests */ = {
			isa = PBXGroup;
			children = (
				C65DF31D2BED652C00D1F16B /* TaskAppTests.swift */,
			);
			path = TaskAppTests;
			sourceTree = "<group>";
		};
		C65DF3262BED652C00D1F16B /* TaskAppUITests */ = {
			isa = PBXGroup;
			children = (
				C65DF3272BED652C00D1F16B /* TaskAppUITests.swift */,
				C65DF3292BED652C00D1F16B /* TaskAppUITestsLaunchTests.swift */,
			);
			path = TaskAppUITests;
			sourceTree = "<group>";
		};
		C65DF3392BED673900D1F16B /* Frameworks */ = {
			isa = PBXGroup;
			children = (
			);
			name = Frameworks;
			sourceTree = "<group>";
		};
		C65DF3492BED6D2A00D1F16B /* App */ = {
			isa = PBXGroup;
			children = (
				C65DF3062BED652B00D1F16B /* AppDelegate.swift */,
				C65DF3082BED652B00D1F16B /* SceneDelegate.swift */,
			);
			path = App;
			sourceTree = "<group>";
		};
		C65DF34A2BED6D3500D1F16B /* Scenes */ = {
			isa = PBXGroup;
			children = (
				C65DF3532BEE940600D1F16B /* ListPage */,
				C65DF3582BEE993700D1F16B /* ProductDetailPage */,
			);
			path = Scenes;
			sourceTree = "<group>";
		};
		C65DF34B2BED6E5600D1F16B /* Network */ = {
			isa = PBXGroup;
			children = (
				C65DF34C2BED6E6900D1F16B /* Endpoint.swift */,
			);
			path = Network;
			sourceTree = "<group>";
		};
		C65DF3522BEE93C200D1F16B /* ListPageComponents */ = {
			isa = PBXGroup;
			children = (
				C65DF33C2BED674A00D1F16B /* FilterView.swift */,
				C65DF3402BED679700D1F16B /* AllProductsCell.swift */,
				C65DF3442BED679E00D1F16B /* SponsoredInnerCell.swift */,
				C65DF3452BED679E00D1F16B /* SponsoredProductsCell.swift */,
				C65DF3412BED679700D1F16B /* CustomStarView.swift */,
			);
			path = ListPageComponents;
			sourceTree = "<group>";
		};
		C65DF3532BEE940600D1F16B /* ListPage */ = {
			isa = PBXGroup;
			children = (
				C65DF3522BEE93C200D1F16B /* ListPageComponents */,
				C65DF30A2BED652B00D1F16B /* ListViewController.swift */,
				C65DF3562BEE961C00D1F16B /* ListPageInteractor.swift */,
				C65DF35B2BEEA0CA00D1F16B /* ListPagePresenter.swift */,
				C65DF3542BEE943100D1F16B /* ListPageEntity.swift */,
				C65DF35D2BEEACBB00D1F16B /* ListPageRouter.swift */,
			);
			path = ListPage;
			sourceTree = "<group>";
		};
		C65DF3582BEE993700D1F16B /* ProductDetailPage */ = {
			isa = PBXGroup;
			children = (
				C65DF3612BEEAE4900D1F16B /* ProductDetailViewController.swift */,
				C65DF3632BEEAE8D00D1F16B /* ProductDetailInteractor.swift */,
				C65DF3652BEEAFF100D1F16B /* ProductDetailPresenter.swift */,
				C65DF3592BEE994F00D1F16B /* ProductDetailEntity.swift */,
				C65DF35F2BEEAD8C00D1F16B /* ProductDetailRouter.swift */,
			);
			path = ProductDetailPage;
			sourceTree = "<group>";
		};
		C65DF3D72BF146E200D1F16B /* Extensions */ = {
			isa = PBXGroup;
			children = (
				C65DF3D82BF146FB00D1F16B /* UIViewController+.swift */,
			);
			path = Extensions;
			sourceTree = "<group>";
		};
/* End PBXGroup section */

/* Begin PBXNativeTarget section */
		C65DF3022BED652B00D1F16B /* TaskApp */ = {
			isa = PBXNativeTarget;
			buildConfigurationList = C65DF32D2BED652C00D1F16B /* Build configuration list for PBXNativeTarget "TaskApp" */;
			buildPhases = (
				C65DF2FF2BED652B00D1F16B /* Sources */,
				C65DF3002BED652B00D1F16B /* Frameworks */,
				C65DF3012BED652B00D1F16B /* Resources */,
			);
			buildRules = (
			);
			dependencies = (
			);
			name = TaskApp;
			packageProductDependencies = (
				C65DF33A2BED673900D1F16B /* SnapKit */,
			);
			productName = TaskApp;
			productReference = C65DF3032BED652B00D1F16B /* TaskApp.app */;
			productType = "com.apple.product-type.application";
		};
		C65DF3182BED652C00D1F16B /* TaskAppTests */ = {
			isa = PBXNativeTarget;
			buildConfigurationList = C65DF3302BED652C00D1F16B /* Build configuration list for PBXNativeTarget "TaskAppTests" */;
			buildPhases = (
				C65DF3152BED652C00D1F16B /* Sources */,
				C65DF3162BED652C00D1F16B /* Frameworks */,
				C65DF3172BED652C00D1F16B /* Resources */,
			);
			buildRules = (
			);
			dependencies = (
				C65DF31B2BED652C00D1F16B /* PBXTargetDependency */,
			);
			name = TaskAppTests;
			productName = TaskAppTests;
			productReference = C65DF3192BED652C00D1F16B /* TaskAppTests.xctest */;
			productType = "com.apple.product-type.bundle.unit-test";
		};
		C65DF3222BED652C00D1F16B /* TaskAppUITests */ = {
			isa = PBXNativeTarget;
			buildConfigurationList = C65DF3332BED652C00D1F16B /* Build configuration list for PBXNativeTarget "TaskAppUITests" */;
			buildPhases = (
				C65DF31F2BED652C00D1F16B /* Sources */,
				C65DF3202BED652C00D1F16B /* Frameworks */,
				C65DF3212BED652C00D1F16B /* Resources */,
			);
			buildRules = (
			);
			dependencies = (
				C65DF3252BED652C00D1F16B /* PBXTargetDependency */,
			);
			name = TaskAppUITests;
			productName = TaskAppUITests;
			productReference = C65DF3232BED652C00D1F16B /* TaskAppUITests.xctest */;
			productType = "com.apple.product-type.bundle.ui-testing";
		};
/* End PBXNativeTarget section */

/* Begin PBXProject section */
		C65DF2FB2BED652B00D1F16B /* Project object */ = {
			isa = PBXProject;
			attributes = {
				BuildIndependentTargetsInParallel = 1;
				LastSwiftUpdateCheck = 1520;
				LastUpgradeCheck = 1520;
				TargetAttributes = {
					C65DF3022BED652B00D1F16B = {
						CreatedOnToolsVersion = 15.2;
					};
					C65DF3182BED652C00D1F16B = {
						CreatedOnToolsVersion = 15.2;
						TestTargetID = C65DF3022BED652B00D1F16B;
					};
					C65DF3222BED652C00D1F16B = {
						CreatedOnToolsVersion = 15.2;
						TestTargetID = C65DF3022BED652B00D1F16B;
					};
				};
			};
			buildConfigurationList = C65DF2FE2BED652B00D1F16B /* Build configuration list for PBXProject "TaskApp" */;
			compatibilityVersion = "Xcode 14.0";
			developmentRegion = en;
			hasScannedForEncodings = 0;
			knownRegions = (
				en,
				Base,
			);
			mainGroup = C65DF2FA2BED652B00D1F16B;
			packageReferences = (
				C65DF3382BED672300D1F16B /* XCRemoteSwiftPackageReference "SnapKit" */,
			);
			productRefGroup = C65DF3042BED652B00D1F16B /* Products */;
			projectDirPath = "";
			projectRoot = "";
			targets = (
				C65DF3022BED652B00D1F16B /* TaskApp */,
				C65DF3182BED652C00D1F16B /* TaskAppTests */,
				C65DF3222BED652C00D1F16B /* TaskAppUITests */,
			);
		};
/* End PBXProject section */

/* Begin PBXResourcesBuildPhase section */
		C65DF3012BED652B00D1F16B /* Resources */ = {
			isa = PBXResourcesBuildPhase;
			buildActionMask = 2147483647;
			files = (
				C65DF34F2BED724B00D1F16B /* Keys.plist in Resources */,
				C65DF3132BED652C00D1F16B /* LaunchScreen.storyboard in Resources */,
				C65DF3102BED652C00D1F16B /* Assets.xcassets in Resources */,
			);
			runOnlyForDeploymentPostprocessing = 0;
		};
		C65DF3172BED652C00D1F16B /* Resources */ = {
			isa = PBXResourcesBuildPhase;
			buildActionMask = 2147483647;
			files = (
			);
			runOnlyForDeploymentPostprocessing = 0;
		};
		C65DF3212BED652C00D1F16B /* Resources */ = {
			isa = PBXResourcesBuildPhase;
			buildActionMask = 2147483647;
			files = (
			);
			runOnlyForDeploymentPostprocessing = 0;
		};
/* End PBXResourcesBuildPhase section */

/* Begin PBXSourcesBuildPhase section */
		C65DF2FF2BED652B00D1F16B /* Sources */ = {
			isa = PBXSourcesBuildPhase;
			buildActionMask = 2147483647;
			files = (
				C65DF33D2BED674A00D1F16B /* FilterView.swift in Sources */,
				C65DF34D2BED6E6900D1F16B /* Endpoint.swift in Sources */,
				C65DF3572BEE961C00D1F16B /* ListPageInteractor.swift in Sources */,
				C65DF30B2BED652B00D1F16B /* ListViewController.swift in Sources */,
				C65DF3422BED679700D1F16B /* AllProductsCell.swift in Sources */,
				C65DF3432BED679700D1F16B /* CustomStarView.swift in Sources */,
				C65DF35C2BEEA0CA00D1F16B /* ListPagePresenter.swift in Sources */,
				C65DF3072BED652B00D1F16B /* AppDelegate.swift in Sources */,
				C65DF3642BEEAE8D00D1F16B /* ProductDetailInteractor.swift in Sources */,
				C65DF3602BEEAD8C00D1F16B /* ProductDetailRouter.swift in Sources */,
				C65DF3462BED679E00D1F16B /* SponsoredInnerCell.swift in Sources */,
				C65DF3622BEEAE4900D1F16B /* ProductDetailViewController.swift in Sources */,
				C65DF35E2BEEACBB00D1F16B /* ListPageRouter.swift in Sources */,
				C65DF3092BED652B00D1F16B /* SceneDelegate.swift in Sources */,
				C65DF3472BED679E00D1F16B /* SponsoredProductsCell.swift in Sources */,
				C65DF3662BEEAFF100D1F16B /* ProductDetailPresenter.swift in Sources */,
				C65DF35A2BEE994F00D1F16B /* ProductDetailEntity.swift in Sources */,
				C65DF3D92BF146FB00D1F16B /* UIViewController+.swift in Sources */,
				C65DF3552BEE943100D1F16B /* ListPageEntity.swift in Sources */,
			);
			runOnlyForDeploymentPostprocessing = 0;
		};
		C65DF3152BED652C00D1F16B /* Sources */ = {
			isa = PBXSourcesBuildPhase;
			buildActionMask = 2147483647;
			files = (
				C65DF31E2BED652C00D1F16B /* TaskAppTests.swift in Sources */,
			);
			runOnlyForDeploymentPostprocessing = 0;
		};
		C65DF31F2BED652C00D1F16B /* Sources */ = {
			isa = PBXSourcesBuildPhase;
			buildActionMask = 2147483647;
			files = (
				C65DF3282BED652C00D1F16B /* TaskAppUITests.swift in Sources */,
				C65DF32A2BED652C00D1F16B /* TaskAppUITestsLaunchTests.swift in Sources */,
			);
			runOnlyForDeploymentPostprocessing = 0;
		};
/* End PBXSourcesBuildPhase section */

/* Begin PBXTargetDependency section */
		C65DF31B2BED652C00D1F16B /* PBXTargetDependency */ = {
			isa = PBXTargetDependency;
			target = C65DF3022BED652B00D1F16B /* TaskApp */;
			targetProxy = C65DF31A2BED652C00D1F16B /* PBXContainerItemProxy */;
		};
		C65DF3252BED652C00D1F16B /* PBXTargetDependency */ = {
			isa = PBXTargetDependency;
			target = C65DF3022BED652B00D1F16B /* TaskApp */;
			targetProxy = C65DF3242BED652C00D1F16B /* PBXContainerItemProxy */;
		};
/* End PBXTargetDependency section */

/* Begin PBXVariantGroup section */
		C65DF3112BED652C00D1F16B /* LaunchScreen.storyboard */ = {
			isa = PBXVariantGroup;
			children = (
				C65DF3122BED652C00D1F16B /* Base */,
			);
			name = LaunchScreen.storyboard;
			sourceTree = "<group>";
		};
/* End PBXVariantGroup section */

/* Begin XCBuildConfiguration section */
		C65DF32B2BED652C00D1F16B /* Debug */ = {
			isa = XCBuildConfiguration;
			buildSettings = {
				ALWAYS_SEARCH_USER_PATHS = NO;
				ASSETCATALOG_COMPILER_GENERATE_SWIFT_ASSET_SYMBOL_EXTENSIONS = YES;
				CLANG_ANALYZER_NONNULL = YES;
				CLANG_ANALYZER_NUMBER_OBJECT_CONVERSION = YES_AGGRESSIVE;
				CLANG_CXX_LANGUAGE_STANDARD = "gnu++20";
				CLANG_ENABLE_MODULES = YES;
				CLANG_ENABLE_OBJC_ARC = YES;
				CLANG_ENABLE_OBJC_WEAK = YES;
				CLANG_WARN_BLOCK_CAPTURE_AUTORELEASING = YES;
				CLANG_WARN_BOOL_CONVERSION = YES;
				CLANG_WARN_COMMA = YES;
				CLANG_WARN_CONSTANT_CONVERSION = YES;
				CLANG_WARN_DEPRECATED_OBJC_IMPLEMENTATIONS = YES;
				CLANG_WARN_DIRECT_OBJC_ISA_USAGE = YES_ERROR;
				CLANG_WARN_DOCUMENTATION_COMMENTS = YES;
				CLANG_WARN_EMPTY_BODY = YES;
				CLANG_WARN_ENUM_CONVERSION = YES;
				CLANG_WARN_INFINITE_RECURSION = YES;
				CLANG_WARN_INT_CONVERSION = YES;
				CLANG_WARN_NON_LITERAL_NULL_CONVERSION = YES;
				CLANG_WARN_OBJC_IMPLICIT_RETAIN_SELF = YES;
				CLANG_WARN_OBJC_LITERAL_CONVERSION = YES;
				CLANG_WARN_OBJC_ROOT_CLASS = YES_ERROR;
				CLANG_WARN_QUOTED_INCLUDE_IN_FRAMEWORK_HEADER = YES;
				CLANG_WARN_RANGE_LOOP_ANALYSIS = YES;
				CLANG_WARN_STRICT_PROTOTYPES = YES;
				CLANG_WARN_SUSPICIOUS_MOVE = YES;
				CLANG_WARN_UNGUARDED_AVAILABILITY = YES_AGGRESSIVE;
				CLANG_WARN_UNREACHABLE_CODE = YES;
				CLANG_WARN__DUPLICATE_METHOD_MATCH = YES;
				COPY_PHASE_STRIP = NO;
				DEBUG_INFORMATION_FORMAT = dwarf;
				ENABLE_STRICT_OBJC_MSGSEND = YES;
				ENABLE_TESTABILITY = YES;
				ENABLE_USER_SCRIPT_SANDBOXING = YES;
				GCC_C_LANGUAGE_STANDARD = gnu17;
				GCC_DYNAMIC_NO_PIC = NO;
				GCC_NO_COMMON_BLOCKS = YES;
				GCC_OPTIMIZATION_LEVEL = 0;
				GCC_PREPROCESSOR_DEFINITIONS = (
					"DEBUG=1",
					"$(inherited)",
				);
				GCC_WARN_64_TO_32_BIT_CONVERSION = YES;
				GCC_WARN_ABOUT_RETURN_TYPE = YES_ERROR;
				GCC_WARN_UNDECLARED_SELECTOR = YES;
				GCC_WARN_UNINITIALIZED_AUTOS = YES_AGGRESSIVE;
				GCC_WARN_UNUSED_FUNCTION = YES;
				GCC_WARN_UNUSED_VARIABLE = YES;
				IPHONEOS_DEPLOYMENT_TARGET = 17.2;
				LOCALIZATION_PREFERS_STRING_CATALOGS = YES;
				MTL_ENABLE_DEBUG_INFO = INCLUDE_SOURCE;
				MTL_FAST_MATH = YES;
				ONLY_ACTIVE_ARCH = YES;
				SDKROOT = iphoneos;
				SWIFT_ACTIVE_COMPILATION_CONDITIONS = "DEBUG $(inherited)";
				SWIFT_OPTIMIZATION_LEVEL = "-Onone";
			};
			name = Debug;
		};
		C65DF32C2BED652C00D1F16B /* Release */ = {
			isa = XCBuildConfiguration;
			buildSettings = {
				ALWAYS_SEARCH_USER_PATHS = NO;
				ASSETCATALOG_COMPILER_GENERATE_SWIFT_ASSET_SYMBOL_EXTENSIONS = YES;
				CLANG_ANALYZER_NONNULL = YES;
				CLANG_ANALYZER_NUMBER_OBJECT_CONVERSION = YES_AGGRESSIVE;
				CLANG_CXX_LANGUAGE_STANDARD = "gnu++20";
				CLANG_ENABLE_MODULES = YES;
				CLANG_ENABLE_OBJC_ARC = YES;
				CLANG_ENABLE_OBJC_WEAK = YES;
				CLANG_WARN_BLOCK_CAPTURE_AUTORELEASING = YES;
				CLANG_WARN_BOOL_CONVERSION = YES;
				CLANG_WARN_COMMA = YES;
				CLANG_WARN_CONSTANT_CONVERSION = YES;
				CLANG_WARN_DEPRECATED_OBJC_IMPLEMENTATIONS = YES;
				CLANG_WARN_DIRECT_OBJC_ISA_USAGE = YES_ERROR;
				CLANG_WARN_DOCUMENTATION_COMMENTS = YES;
				CLANG_WARN_EMPTY_BODY = YES;
				CLANG_WARN_ENUM_CONVERSION = YES;
				CLANG_WARN_INFINITE_RECURSION = YES;
				CLANG_WARN_INT_CONVERSION = YES;
				CLANG_WARN_NON_LITERAL_NULL_CONVERSION = YES;
				CLANG_WARN_OBJC_IMPLICIT_RETAIN_SELF = YES;
				CLANG_WARN_OBJC_LITERAL_CONVERSION = YES;
				CLANG_WARN_OBJC_ROOT_CLASS = YES_ERROR;
				CLANG_WARN_QUOTED_INCLUDE_IN_FRAMEWORK_HEADER = YES;
				CLANG_WARN_RANGE_LOOP_ANALYSIS = YES;
				CLANG_WARN_STRICT_PROTOTYPES = YES;
				CLANG_WARN_SUSPICIOUS_MOVE = YES;
				CLANG_WARN_UNGUARDED_AVAILABILITY = YES_AGGRESSIVE;
				CLANG_WARN_UNREACHABLE_CODE = YES;
				CLANG_WARN__DUPLICATE_METHOD_MATCH = YES;
				COPY_PHASE_STRIP = NO;
				DEBUG_INFORMATION_FORMAT = "dwarf-with-dsym";
				ENABLE_NS_ASSERTIONS = NO;
				ENABLE_STRICT_OBJC_MSGSEND = YES;
				ENABLE_USER_SCRIPT_SANDBOXING = YES;
				GCC_C_LANGUAGE_STANDARD = gnu17;
				GCC_NO_COMMON_BLOCKS = YES;
				GCC_WARN_64_TO_32_BIT_CONVERSION = YES;
				GCC_WARN_ABOUT_RETURN_TYPE = YES_ERROR;
				GCC_WARN_UNDECLARED_SELECTOR = YES;
				GCC_WARN_UNINITIALIZED_AUTOS = YES_AGGRESSIVE;
				GCC_WARN_UNUSED_FUNCTION = YES;
				GCC_WARN_UNUSED_VARIABLE = YES;
				IPHONEOS_DEPLOYMENT_TARGET = 17.2;
				LOCALIZATION_PREFERS_STRING_CATALOGS = YES;
				MTL_ENABLE_DEBUG_INFO = NO;
				MTL_FAST_MATH = YES;
				SDKROOT = iphoneos;
				SWIFT_COMPILATION_MODE = wholemodule;
				VALIDATE_PRODUCT = YES;
			};
			name = Release;
		};
		C65DF32E2BED652C00D1F16B /* Debug */ = {
			isa = XCBuildConfiguration;
			buildSettings = {
				ASSETCATALOG_COMPILER_APPICON_NAME = AppIcon;
				ASSETCATALOG_COMPILER_GLOBAL_ACCENT_COLOR_NAME = AccentColor;
				CODE_SIGN_STYLE = Automatic;
				CURRENT_PROJECT_VERSION = 1;
				DEVELOPMENT_TEAM = 4BD7R7VJN8;
				GENERATE_INFOPLIST_FILE = YES;
				INFOPLIST_FILE = TaskApp/Info.plist;
				INFOPLIST_KEY_UIApplicationSupportsIndirectInputEvents = YES;
				INFOPLIST_KEY_UILaunchStoryboardName = LaunchScreen;
				INFOPLIST_KEY_UISupportedInterfaceOrientations_iPad = "UIInterfaceOrientationPortrait UIInterfaceOrientationPortraitUpsideDown UIInterfaceOrientationLandscapeLeft UIInterfaceOrientationLandscapeRight";
				INFOPLIST_KEY_UISupportedInterfaceOrientations_iPhone = "UIInterfaceOrientationPortrait UIInterfaceOrientationLandscapeLeft UIInterfaceOrientationLandscapeRight";
				LD_RUNPATH_SEARCH_PATHS = (
					"$(inherited)",
					"@executable_path/Frameworks",
				);
				MARKETING_VERSION = 1.0;
				PRODUCT_BUNDLE_IDENTIFIER = com.dilaraelcioglu.TaskApp;
				PRODUCT_NAME = "$(TARGET_NAME)";
				SWIFT_EMIT_LOC_STRINGS = YES;
				SWIFT_VERSION = 5.0;
				TARGETED_DEVICE_FAMILY = "1,2";
			};
			name = Debug;
		};
		C65DF32F2BED652C00D1F16B /* Release */ = {
			isa = XCBuildConfiguration;
			buildSettings = {
				ASSETCATALOG_COMPILER_APPICON_NAME = AppIcon;
				ASSETCATALOG_COMPILER_GLOBAL_ACCENT_COLOR_NAME = AccentColor;
				CODE_SIGN_STYLE = Automatic;
				CURRENT_PROJECT_VERSION = 1;
				DEVELOPMENT_TEAM = 4BD7R7VJN8;
				GENERATE_INFOPLIST_FILE = YES;
				INFOPLIST_FILE = TaskApp/Info.plist;
				INFOPLIST_KEY_UIApplicationSupportsIndirectInputEvents = YES;
				INFOPLIST_KEY_UILaunchStoryboardName = LaunchScreen;
				INFOPLIST_KEY_UISupportedInterfaceOrientations_iPad = "UIInterfaceOrientationPortrait UIInterfaceOrientationPortraitUpsideDown UIInterfaceOrientationLandscapeLeft UIInterfaceOrientationLandscapeRight";
				INFOPLIST_KEY_UISupportedInterfaceOrientations_iPhone = "UIInterfaceOrientationPortrait UIInterfaceOrientationLandscapeLeft UIInterfaceOrientationLandscapeRight";
				LD_RUNPATH_SEARCH_PATHS = (
					"$(inherited)",
					"@executable_path/Frameworks",
				);
				MARKETING_VERSION = 1.0;
				PRODUCT_BUNDLE_IDENTIFIER = com.dilaraelcioglu.TaskApp;
				PRODUCT_NAME = "$(TARGET_NAME)";
				SWIFT_EMIT_LOC_STRINGS = YES;
				SWIFT_VERSION = 5.0;
				TARGETED_DEVICE_FAMILY = "1,2";
			};
			name = Release;
		};
		C65DF3312BED652C00D1F16B /* Debug */ = {
			isa = XCBuildConfiguration;
			buildSettings = {
				ALWAYS_EMBED_SWIFT_STANDARD_LIBRARIES = YES;
				BUNDLE_LOADER = "$(TEST_HOST)";
				CODE_SIGN_STYLE = Automatic;
				CURRENT_PROJECT_VERSION = 1;
				DEVELOPMENT_TEAM = 4BD7R7VJN8;
				GENERATE_INFOPLIST_FILE = YES;
				IPHONEOS_DEPLOYMENT_TARGET = 17.2;
				MARKETING_VERSION = 1.0;
				PRODUCT_BUNDLE_IDENTIFIER = com.dilaraelcioglu.TaskAppTests;
				PRODUCT_NAME = "$(TARGET_NAME)";
				SWIFT_EMIT_LOC_STRINGS = NO;
				SWIFT_VERSION = 5.0;
				TARGETED_DEVICE_FAMILY = "1,2";
				TEST_HOST = "$(BUILT_PRODUCTS_DIR)/TaskApp.app/$(BUNDLE_EXECUTABLE_FOLDER_PATH)/TaskApp";
			};
			name = Debug;
		};
		C65DF3322BED652C00D1F16B /* Release */ = {
			isa = XCBuildConfiguration;
			buildSettings = {
				ALWAYS_EMBED_SWIFT_STANDARD_LIBRARIES = YES;
				BUNDLE_LOADER = "$(TEST_HOST)";
				CODE_SIGN_STYLE = Automatic;
				CURRENT_PROJECT_VERSION = 1;
				DEVELOPMENT_TEAM = 4BD7R7VJN8;
				GENERATE_INFOPLIST_FILE = YES;
				IPHONEOS_DEPLOYMENT_TARGET = 17.2;
				MARKETING_VERSION = 1.0;
				PRODUCT_BUNDLE_IDENTIFIER = com.dilaraelcioglu.TaskAppTests;
				PRODUCT_NAME = "$(TARGET_NAME)";
				SWIFT_EMIT_LOC_STRINGS = NO;
				SWIFT_VERSION = 5.0;
				TARGETED_DEVICE_FAMILY = "1,2";
				TEST_HOST = "$(BUILT_PRODUCTS_DIR)/TaskApp.app/$(BUNDLE_EXECUTABLE_FOLDER_PATH)/TaskApp";
			};
			name = Release;
		};
		C65DF3342BED652C00D1F16B /* Debug */ = {
			isa = XCBuildConfiguration;
			buildSettings = {
				ALWAYS_EMBED_SWIFT_STANDARD_LIBRARIES = YES;
				CODE_SIGN_STYLE = Automatic;
				CURRENT_PROJECT_VERSION = 1;
				DEVELOPMENT_TEAM = 4BD7R7VJN8;
				GENERATE_INFOPLIST_FILE = YES;
				MARKETING_VERSION = 1.0;
				PRODUCT_BUNDLE_IDENTIFIER = com.dilaraelcioglu.TaskAppUITests;
				PRODUCT_NAME = "$(TARGET_NAME)";
				SWIFT_EMIT_LOC_STRINGS = NO;
				SWIFT_VERSION = 5.0;
				TARGETED_DEVICE_FAMILY = "1,2";
				TEST_TARGET_NAME = TaskApp;
			};
			name = Debug;
		};
		C65DF3352BED652C00D1F16B /* Release */ = {
			isa = XCBuildConfiguration;
			buildSettings = {
				ALWAYS_EMBED_SWIFT_STANDARD_LIBRARIES = YES;
				CODE_SIGN_STYLE = Automatic;
				CURRENT_PROJECT_VERSION = 1;
				DEVELOPMENT_TEAM = 4BD7R7VJN8;
				GENERATE_INFOPLIST_FILE = YES;
				MARKETING_VERSION = 1.0;
				PRODUCT_BUNDLE_IDENTIFIER = com.dilaraelcioglu.TaskAppUITests;
				PRODUCT_NAME = "$(TARGET_NAME)";
				SWIFT_EMIT_LOC_STRINGS = NO;
				SWIFT_VERSION = 5.0;
				TARGETED_DEVICE_FAMILY = "1,2";
				TEST_TARGET_NAME = TaskApp;
			};
			name = Release;
		};
/* End XCBuildConfiguration section */

/* Begin XCConfigurationList section */
		C65DF2FE2BED652B00D1F16B /* Build configuration list for PBXProject "TaskApp" */ = {
			isa = XCConfigurationList;
			buildConfigurations = (
				C65DF32B2BED652C00D1F16B /* Debug */,
				C65DF32C2BED652C00D1F16B /* Release */,
			);
			defaultConfigurationIsVisible = 0;
			defaultConfigurationName = Release;
		};
		C65DF32D2BED652C00D1F16B /* Build configuration list for PBXNativeTarget "TaskApp" */ = {
			isa = XCConfigurationList;
			buildConfigurations = (
				C65DF32E2BED652C00D1F16B /* Debug */,
				C65DF32F2BED652C00D1F16B /* Release */,
			);
			defaultConfigurationIsVisible = 0;
			defaultConfigurationName = Release;
		};
		C65DF3302BED652C00D1F16B /* Build configuration list for PBXNativeTarget "TaskAppTests" */ = {
			isa = XCConfigurationList;
			buildConfigurations = (
				C65DF3312BED652C00D1F16B /* Debug */,
				C65DF3322BED652C00D1F16B /* Release */,
			);
			defaultConfigurationIsVisible = 0;
			defaultConfigurationName = Release;
		};
		C65DF3332BED652C00D1F16B /* Build configuration list for PBXNativeTarget "TaskAppUITests" */ = {
			isa = XCConfigurationList;
			buildConfigurations = (
				C65DF3342BED652C00D1F16B /* Debug */,
				C65DF3352BED652C00D1F16B /* Release */,
			);
			defaultConfigurationIsVisible = 0;
			defaultConfigurationName = Release;
		};
/* End XCConfigurationList section */

/* Begin XCRemoteSwiftPackageReference section */
		C65DF3382BED672300D1F16B /* XCRemoteSwiftPackageReference "SnapKit" */ = {
			isa = XCRemoteSwiftPackageReference;
			repositoryURL = "https://github.com/SnapKit/SnapKit.git";
			requirement = {
				kind = upToNextMajorVersion;
				minimumVersion = 5.7.1;
			};
		};
/* End XCRemoteSwiftPackageReference section */

/* Begin XCSwiftPackageProductDependency section */
		C65DF33A2BED673900D1F16B /* SnapKit */ = {
			isa = XCSwiftPackageProductDependency;
			package = C65DF3382BED672300D1F16B /* XCRemoteSwiftPackageReference "SnapKit" */;
			productName = SnapKit;
		};
/* End XCSwiftPackageProductDependency section */
	};
	rootObject = C65DF2FB2BED652B00D1F16B /* Project object */;
}
